
Microsoft Visual Studio Solution File, Format Version 12.00
# Visual Studio 15
VisualStudioVersion = 15.0.26009.0
MinimumVisualStudioVersion = 10.0.40219.1
Project("{FAE04EC0-301F-11D3-BF4B-00C04F79EFBC}") = "ArpitWebAppFmwk", "ArpitWebAppFmwk\ArpitWebAppFmwk.csproj", "{016A3171-072D-4766-B37F-0886AD24BB4A}"
EndProject
Project("{FAE04EC0-301F-11D3-BF4B-00C04F79EFBC}") = "ArpitWebAppFmwk.Tests", "ArpitWebAppFmwk.Tests\ArpitWebAppFmwk.Tests.csproj", "{D87FB21B-6B5B-4606-B4AE-00E46DBD0BEC}"
EndProject
Global
	GlobalSection(SolutionConfigurationPlatforms) = preSolution
		Debug|Any CPU = Debug|Any CPU
		Release|Any CPU = Release|Any CPU
	EndGlobalSection
	GlobalSection(ProjectConfigurationPlatforms) = postSolution
		{016A3171-072D-4766-B37F-0886AD24BB4A}.Debug|Any CPU.ActiveCfg = Debug|Any CPU
		{016A3171-072D-4766-B37F-0886AD24BB4A}.Debug|Any CPU.Build.0 = Debug|Any CPU
		{016A3171-072D-4766-B37F-0886AD24BB4A}.Release|Any CPU.ActiveCfg = Release|Any CPU
		{016A3171-072D-4766-B37F-0886AD24BB4A}.Release|Any CPU.Build.0 = Release|Any CPU
		{D87FB21B-6B5B-4606-B4AE-00E46DBD0BEC}.Debug|Any CPU.ActiveCfg = Debug|Any CPU
		{D87FB21B-6B5B-4606-B4AE-00E46DBD0BEC}.Debug|Any CPU.Build.0 = Debug|Any CPU
		{D87FB21B-6B5B-4606-B4AE-00E46DBD0BEC}.Release|Any CPU.ActiveCfg = Release|Any CPU
		{D87FB21B-6B5B-4606-B4AE-00E46DBD0BEC}.Release|Any CPU.Build.0 = Release|Any CPU
	EndGlobalSection
	GlobalSection(SolutionProperties) = preSolution
		HideSolutionNode = FALSE
	EndGlobalSection
EndGlobal
